
Microsoft Visual Studio Solution File, Format Version 12.00
# Visual Studio 2012
Project("{FAE04EC0-301F-11D3-BF4B-00C04F79EFBC}") = "Peregrin", "Peregrin\Peregrin.csproj", "{831ADF27-1D91-44EF-BAB5-CE87CBD4B706}"
EndProject
Project("{FAE04EC0-301F-11D3-BF4B-00C04F79EFBC}") = "Peregrin.Data", "Peregrin.Data\Peregrin.Data.csproj", "{34CE6E73-2BC4-4D86-A44F-08613CEFF2A6}"
EndProject
Project("{FAE04EC0-301F-11D3-BF4B-00C04F79EFBC}") = "Peregrin.Services", "Peregrin.Services\Peregrin.Services.csproj", "{13F6D3CB-E5B9-4155-B606-5679A8A3023E}"
EndProject
Project("{FAE04EC0-301F-11D3-BF4B-00C04F79EFBC}") = "Peregrin.Test", "Peregrin.Test\Peregrin.Test.csproj", "{E119BF52-9B42-40F7-85C1-BC8158627E6A}"
EndProject
Project("{FAE04EC0-301F-11D3-BF4B-00C04F79EFBC}") = "Peregrin.Common", "Peregrin.Common\Peregrin.Common.csproj", "{6E17D690-7832-4A83-A31D-47E72D2D4BED}"
EndProject
Global
	GlobalSection(SolutionConfigurationPlatforms) = preSolution
		Debug|Any CPU = Debug|Any CPU
		Debug|ARM = Debug|ARM
		Debug|Mixed Platforms = Debug|Mixed Platforms
		Debug|x86 = Debug|x86
		Release|Any CPU = Release|Any CPU
		Release|ARM = Release|ARM
		Release|Mixed Platforms = Release|Mixed Platforms
		Release|x86 = Release|x86
	EndGlobalSection
	GlobalSection(ProjectConfigurationPlatforms) = postSolution
		{831ADF27-1D91-44EF-BAB5-CE87CBD4B706}.Debug|Any CPU.ActiveCfg = Debug|Any CPU
		{831ADF27-1D91-44EF-BAB5-CE87CBD4B706}.Debug|Any CPU.Build.0 = Debug|Any CPU
		{831ADF27-1D91-44EF-BAB5-CE87CBD4B706}.Debug|Any CPU.Deploy.0 = Debug|Any CPU
		{831ADF27-1D91-44EF-BAB5-CE87CBD4B706}.Debug|ARM.ActiveCfg = Debug|ARM
		{831ADF27-1D91-44EF-BAB5-CE87CBD4B706}.Debug|ARM.Build.0 = Debug|ARM
		{831ADF27-1D91-44EF-BAB5-CE87CBD4B706}.Debug|ARM.Deploy.0 = Debug|ARM
		{831ADF27-1D91-44EF-BAB5-CE87CBD4B706}.Debug|Mixed Platforms.ActiveCfg = Debug|Any CPU
		{831ADF27-1D91-44EF-BAB5-CE87CBD4B706}.Debug|Mixed Platforms.Build.0 = Debug|Any CPU
		{831ADF27-1D91-44EF-BAB5-CE87CBD4B706}.Debug|Mixed Platforms.Deploy.0 = Debug|Any CPU
		{831ADF27-1D91-44EF-BAB5-CE87CBD4B706}.Debug|x86.ActiveCfg = Debug|x86
		{831ADF27-1D91-44EF-BAB5-CE87CBD4B706}.Debug|x86.Build.0 = Debug|x86
		{831ADF27-1D91-44EF-BAB5-CE87CBD4B706}.Debug|x86.Deploy.0 = Debug|x86
		{831ADF27-1D91-44EF-BAB5-CE87CBD4B706}.Release|Any CPU.ActiveCfg = Release|Any CPU
		{831ADF27-1D91-44EF-BAB5-CE87CBD4B706}.Release|Any CPU.Build.0 = Release|Any CPU
		{831ADF27-1D91-44EF-BAB5-CE87CBD4B706}.Release|Any CPU.Deploy.0 = Release|Any CPU
		{831ADF27-1D91-44EF-BAB5-CE87CBD4B706}.Release|ARM.ActiveCfg = Release|ARM
		{831ADF27-1D91-44EF-BAB5-CE87CBD4B706}.Release|ARM.Build.0 = Release|ARM
		{831ADF27-1D91-44EF-BAB5-CE87CBD4B706}.Release|ARM.Deploy.0 = Release|ARM
		{831ADF27-1D91-44EF-BAB5-CE87CBD4B706}.Release|Mixed Platforms.ActiveCfg = Release|x86
		{831ADF27-1D91-44EF-BAB5-CE87CBD4B706}.Release|Mixed Platforms.Build.0 = Release|x86
		{831ADF27-1D91-44EF-BAB5-CE87CBD4B706}.Release|Mixed Platforms.Deploy.0 = Release|x86
		{831ADF27-1D91-44EF-BAB5-CE87CBD4B706}.Release|x86.ActiveCfg = Release|x86
		{831ADF27-1D91-44EF-BAB5-CE87CBD4B706}.Release|x86.Build.0 = Release|x86
		{831ADF27-1D91-44EF-BAB5-CE87CBD4B706}.Release|x86.Deploy.0 = Release|x86
		{34CE6E73-2BC4-4D86-A44F-08613CEFF2A6}.Debug|Any CPU.ActiveCfg = Debug|Any CPU
		{34CE6E73-2BC4-4D86-A44F-08613CEFF2A6}.Debug|Any CPU.Build.0 = Debug|Any CPU
		{34CE6E73-2BC4-4D86-A44F-08613CEFF2A6}.Debug|ARM.ActiveCfg = Debug|ARM
		{34CE6E73-2BC4-4D86-A44F-08613CEFF2A6}.Debug|ARM.Build.0 = Debug|ARM
		{34CE6E73-2BC4-4D86-A44F-08613CEFF2A6}.Debug|Mixed Platforms.ActiveCfg = Debug|Any CPU
		{34CE6E73-2BC4-4D86-A44F-08613CEFF2A6}.Debug|Mixed Platforms.Build.0 = Debug|Any CPU
		{34CE6E73-2BC4-4D86-A44F-08613CEFF2A6}.Debug|x86.ActiveCfg = Debug|x86
		{34CE6E73-2BC4-4D86-A44F-08613CEFF2A6}.Debug|x86.Build.0 = Debug|x86
		{34CE6E73-2BC4-4D86-A44F-08613CEFF2A6}.Release|Any CPU.ActiveCfg = Release|Any CPU
		{34CE6E73-2BC4-4D86-A44F-08613CEFF2A6}.Release|Any CPU.Build.0 = Release|Any CPU
		{34CE6E73-2BC4-4D86-A44F-08613CEFF2A6}.Release|ARM.ActiveCfg = Release|ARM
		{34CE6E73-2BC4-4D86-A44F-08613CEFF2A6}.Release|ARM.Build.0 = Release|ARM
		{34CE6E73-2BC4-4D86-A44F-08613CEFF2A6}.Release|Mixed Platforms.ActiveCfg = Release|x86
		{34CE6E73-2BC4-4D86-A44F-08613CEFF2A6}.Release|Mixed Platforms.Build.0 = Release|x86
		{34CE6E73-2BC4-4D86-A44F-08613CEFF2A6}.Release|x86.ActiveCfg = Release|x86
		{34CE6E73-2BC4-4D86-A44F-08613CEFF2A6}.Release|x86.Build.0 = Release|x86
		{13F6D3CB-E5B9-4155-B606-5679A8A3023E}.Debug|Any CPU.ActiveCfg = Debug|Any CPU
		{13F6D3CB-E5B9-4155-B606-5679A8A3023E}.Debug|Any CPU.Build.0 = Debug|Any CPU
		{13F6D3CB-E5B9-4155-B606-5679A8A3023E}.Debug|ARM.ActiveCfg = Debug|ARM
		{13F6D3CB-E5B9-4155-B606-5679A8A3023E}.Debug|ARM.Build.0 = Debug|ARM
		{13F6D3CB-E5B9-4155-B606-5679A8A3023E}.Debug|Mixed Platforms.ActiveCfg = Debug|Any CPU
		{13F6D3CB-E5B9-4155-B606-5679A8A3023E}.Debug|Mixed Platforms.Build.0 = Debug|Any CPU
		{13F6D3CB-E5B9-4155-B606-5679A8A3023E}.Debug|x86.ActiveCfg = Debug|x86
		{13F6D3CB-E5B9-4155-B606-5679A8A3023E}.Debug|x86.Build.0 = Debug|x86
		{13F6D3CB-E5B9-4155-B606-5679A8A3023E}.Release|Any CPU.ActiveCfg = Release|Any CPU
		{13F6D3CB-E5B9-4155-B606-5679A8A3023E}.Release|Any CPU.Build.0 = Release|Any CPU
		{13F6D3CB-E5B9-4155-B606-5679A8A3023E}.Release|ARM.ActiveCfg = Release|ARM
		{13F6D3CB-E5B9-4155-B606-5679A8A3023E}.Release|ARM.Build.0 = Release|ARM
		{13F6D3CB-E5B9-4155-B606-5679A8A3023E}.Release|Mixed Platforms.ActiveCfg = Release|x86
		{13F6D3CB-E5B9-4155-B606-5679A8A3023E}.Release|Mixed Platforms.Build.0 = Release|x86
		{13F6D3CB-E5B9-4155-B606-5679A8A3023E}.Release|x86.ActiveCfg = Release|x86
		{13F6D3CB-E5B9-4155-B606-5679A8A3023E}.Release|x86.Build.0 = Release|x86
		{E119BF52-9B42-40F7-85C1-BC8158627E6A}.Debug|Any CPU.ActiveCfg = Debug|x86
		{E119BF52-9B42-40F7-85C1-BC8158627E6A}.Debug|ARM.ActiveCfg = Debug|ARM
		{E119BF52-9B42-40F7-85C1-BC8158627E6A}.Debug|ARM.Build.0 = Debug|ARM
		{E119BF52-9B42-40F7-85C1-BC8158627E6A}.Debug|ARM.Deploy.0 = Debug|ARM
		{E119BF52-9B42-40F7-85C1-BC8158627E6A}.Debug|Mixed Platforms.ActiveCfg = Debug|x86
		{E119BF52-9B42-40F7-85C1-BC8158627E6A}.Debug|Mixed Platforms.Build.0 = Debug|x86
		{E119BF52-9B42-40F7-85C1-BC8158627E6A}.Debug|Mixed Platforms.Deploy.0 = Debug|x86
		{E119BF52-9B42-40F7-85C1-BC8158627E6A}.Debug|x86.ActiveCfg = Debug|x86
		{E119BF52-9B42-40F7-85C1-BC8158627E6A}.Debug|x86.Build.0 = Debug|x86
		{E119BF52-9B42-40F7-85C1-BC8158627E6A}.Debug|x86.Deploy.0 = Debug|x86
		{E119BF52-9B42-40F7-85C1-BC8158627E6A}.Release|Any CPU.ActiveCfg = Release|x86
		{E119BF52-9B42-40F7-85C1-BC8158627E6A}.Release|ARM.ActiveCfg = Release|ARM
		{E119BF52-9B42-40F7-85C1-BC8158627E6A}.Release|ARM.Build.0 = Release|ARM
		{E119BF52-9B42-40F7-85C1-BC8158627E6A}.Release|ARM.Deploy.0 = Release|ARM
		{E119BF52-9B42-40F7-85C1-BC8158627E6A}.Release|Mixed Platforms.ActiveCfg = Release|x86
		{E119BF52-9B42-40F7-85C1-BC8158627E6A}.Release|Mixed Platforms.Build.0 = Release|x86
		{E119BF52-9B42-40F7-85C1-BC8158627E6A}.Release|Mixed Platforms.Deploy.0 = Release|x86
		{E119BF52-9B42-40F7-85C1-BC8158627E6A}.Release|x86.ActiveCfg = Release|x86
		{E119BF52-9B42-40F7-85C1-BC8158627E6A}.Release|x86.Build.0 = Release|x86
		{E119BF52-9B42-40F7-85C1-BC8158627E6A}.Release|x86.Deploy.0 = Release|x86
		{6E17D690-7832-4A83-A31D-47E72D2D4BED}.Debug|Any CPU.ActiveCfg = Debug|Any CPU
		{6E17D690-7832-4A83-A31D-47E72D2D4BED}.Debug|Any CPU.Build.0 = Debug|Any CPU
		{6E17D690-7832-4A83-A31D-47E72D2D4BED}.Debug|ARM.ActiveCfg = Debug|ARM
		{6E17D690-7832-4A83-A31D-47E72D2D4BED}.Debug|ARM.Build.0 = Debug|ARM
		{6E17D690-7832-4A83-A31D-47E72D2D4BED}.Debug|Mixed Platforms.ActiveCfg = Debug|x86
		{6E17D690-7832-4A83-A31D-47E72D2D4BED}.Debug|Mixed Platforms.Build.0 = Debug|x86
		{6E17D690-7832-4A83-A31D-47E72D2D4BED}.Debug|x86.ActiveCfg = Debug|x86
		{6E17D690-7832-4A83-A31D-47E72D2D4BED}.Debug|x86.Build.0 = Debug|x86
		{6E17D690-7832-4A83-A31D-47E72D2D4BED}.Release|Any CPU.ActiveCfg = Release|Any CPU
		{6E17D690-7832-4A83-A31D-47E72D2D4BED}.Release|Any CPU.Build.0 = Release|Any CPU
		{6E17D690-7832-4A83-A31D-47E72D2D4BED}.Release|ARM.ActiveCfg = Release|ARM
		{6E17D690-7832-4A83-A31D-47E72D2D4BED}.Release|ARM.Build.0 = Release|ARM
		{6E17D690-7832-4A83-A31D-47E72D2D4BED}.Release|Mixed Platforms.ActiveCfg = Release|x86
		{6E17D690-7832-4A83-A31D-47E72D2D4BED}.Release|Mixed Platforms.Build.0 = Release|x86
		{6E17D690-7832-4A83-A31D-47E72D2D4BED}.Release|x86.ActiveCfg = Release|x86
		{6E17D690-7832-4A83-A31D-47E72D2D4BED}.Release|x86.Build.0 = Release|x86
	EndGlobalSection
	GlobalSection(SolutionProperties) = preSolution
		HideSolutionNode = FALSE
	EndGlobalSection
EndGlobal
